
Microsoft Visual Studio Solution File, Format Version 12.00
# Visual Studio Version 16
VisualStudioVersion = 16.0.30503.244
MinimumVisualStudioVersion = 10.0.40219.1
Project("{8BC9CEB8-8B4A-11D0-8D11-00A0C91BC942}") = "Lab 2.1.1 Essentials of if-else statement", "Lab 2.1.1 Essentials of if-else statement\Lab 2.1.1 Essentials of if-else statement.vcxproj", "{87ABAC17-E117-45D6-9930-02A37EEB3020}"
EndProject
Global
	GlobalSection(SolutionConfigurationPlatforms) = preSolution
		Debug|x64 = Debug|x64
		Debug|x86 = Debug|x86
		Release|x64 = Release|x64
		Release|x86 = Release|x86
	EndGlobalSection
	GlobalSection(ProjectConfigurationPlatforms) = postSolution
		{87ABAC17-E117-45D6-9930-02A37EEB3020}.Debug|x64.ActiveCfg = Debug|x64
		{87ABAC17-E117-45D6-9930-02A37EEB3020}.Debug|x64.Build.0 = Debug|x64
		{87ABAC17-E117-45D6-9930-02A37EEB3020}.Debug|x86.ActiveCfg = Debug|Win32
		{87ABAC17-E117-45D6-9930-02A37EEB3020}.Debug|x86.Build.0 = Debug|Win32
		{87ABAC17-E117-45D6-9930-02A37EEB3020}.Release|x64.ActiveCfg = Release|x64
		{87ABAC17-E117-45D6-9930-02A37EEB3020}.Release|x64.Build.0 = Release|x64
		{87ABAC17-E117-45D6-9930-02A37EEB3020}.Release|x86.ActiveCfg = Release|Win32
		{87ABAC17-E117-45D6-9930-02A37EEB3020}.Release|x86.Build.0 = Release|Win32
	EndGlobalSection
	GlobalSection(SolutionProperties) = preSolution
		HideSolutionNode = FALSE
	EndGlobalSection
	GlobalSection(ExtensibilityGlobals) = postSolution
		SolutionGuid = {C6D7A7C3-9A0D-4582-BB74-AED0E4066082}
	EndGlobalSection
EndGlobal
